// !$*UTF8*$!
{
	archiveVersion = 1;
	classes = {
	};
	objectVersion = 46;
	objects = {

/* Begin PBXBuildFile section */
		F65EE87C1AF6A38D00B9FCA4 /* AppDelegate.swift in Sources */ = {isa = PBXBuildFile; fileRef = F65EE87B1AF6A38D00B9FCA4 /* AppDelegate.swift */; };
		F65EE87E1AF6A38D00B9FCA4 /* ViewController.swift in Sources */ = {isa = PBXBuildFile; fileRef = F65EE87D1AF6A38D00B9FCA4 /* ViewController.swift */; };
		F65EE8811AF6A38D00B9FCA4 /* Main.storyboard in Resources */ = {isa = PBXBuildFile; fileRef = F65EE87F1AF6A38D00B9FCA4 /* Main.storyboard */; };
		F65EE8831AF6A38D00B9FCA4 /* Images.xcassets in Resources */ = {isa = PBXBuildFile; fileRef = F65EE8821AF6A38D00B9FCA4 /* Images.xcassets */; };
		F65EE8861AF6A38D00B9FCA4 /* LaunchScreen.xib in Resources */ = {isa = PBXBuildFile; fileRef = F65EE8841AF6A38D00B9FCA4 /* LaunchScreen.xib */; };
		F65EE89C1AF6A61200B9FCA4 /* NKTouchID.swift in Sources */ = {isa = PBXBuildFile; fileRef = F65EE89B1AF6A61200B9FCA4 /* NKTouchID.swift */; };
		F65EE89E1AF6A72B00B9FCA4 /* LocalAuthentication.framework in Frameworks */ = {isa = PBXBuildFile; fileRef = F65EE89D1AF6A72B00B9FCA4 /* LocalAuthentication.framework */; settings = {ATTRIBUTES = (Weak, ); }; };
		F6BFB3B61AF6ADDB001E1A78 /* Localizable.strings in Resources */ = {isa = PBXBuildFile; fileRef = F6BFB3B81AF6ADDB001E1A78 /* Localizable.strings */; };
/* End PBXBuildFile section */

/* Begin PBXFileReference section */
		F65EE8761AF6A38D00B9FCA4 /* NKTouchIDDemo.app */ = {isa = PBXFileReference; explicitFileType = wrapper.application; includeInIndex = 0; path = NKTouchIDDemo.app; sourceTree = BUILT_PRODUCTS_DIR; };
		F65EE87A1AF6A38D00B9FCA4 /* Info.plist */ = {isa = PBXFileReference; lastKnownFileType = text.plist.xml; path = Info.plist; sourceTree = "<group>"; };
		F65EE87B1AF6A38D00B9FCA4 /* AppDelegate.swift */ = {isa = PBXFileReference; lastKnownFileType = sourcecode.swift; path = AppDelegate.swift; sourceTree = "<group>"; };
		F65EE87D1AF6A38D00B9FCA4 /* ViewController.swift */ = {isa = PBXFileReference; lastKnownFileType = sourcecode.swift; path = ViewController.swift; sourceTree = "<group>"; };
		F65EE8801AF6A38D00B9FCA4 /* Base */ = {isa = PBXFileReference; lastKnownFileType = file.storyboard; name = Base; path = Base.lproj/Main.storyboard; sourceTree = "<group>"; };
		F65EE8821AF6A38D00B9FCA4 /* Images.xcassets */ = {isa = PBXFileReference; lastKnownFileType = folder.assetcatalog; path = Images.xcassets; sourceTree = "<group>"; };
		F65EE8851AF6A38D00B9FCA4 /* Base */ = {isa = PBXFileReference; lastKnownFileType = file.xib; name = Base; path = Base.lproj/LaunchScreen.xib; sourceTree = "<group>"; };
		F65EE89B1AF6A61200B9FCA4 /* NKTouchID.swift */ = {isa = PBXFileReference; fileEncoding = 4; lastKnownFileType = sourcecode.swift; name = NKTouchID.swift; path = ../NKTouchID.swift; sourceTree = "<group>"; };
		F65EE89D1AF6A72B00B9FCA4 /* LocalAuthentication.framework */ = {isa = PBXFileReference; lastKnownFileType = wrapper.framework; name = LocalAuthentication.framework; path = System/Library/Frameworks/LocalAuthentication.framework; sourceTree = SDKROOT; };
		F6BFB3B51AF6ADCF001E1A78 /* ru */ = {isa = PBXFileReference; lastKnownFileType = text.plist.strings; name = ru; path = ru.lproj/Main.strings; sourceTree = "<group>"; };
		F6BFB3BA1AF6ADF5001E1A78 /* Base */ = {isa = PBXFileReference; lastKnownFileType = text.plist.strings; name = Base; path = Base.lproj/Localizable.strings; sourceTree = "<group>"; };
		F6BFB3BB1AF6AE06001E1A78 /* ru */ = {isa = PBXFileReference; lastKnownFileType = text.plist.strings; name = ru; path = ru.lproj/Localizable.strings; sourceTree = "<group>"; };
		F6BFB3BC1AF6AE3B001E1A78 /* pt-BR */ = {isa = PBXFileReference; lastKnownFileType = text.plist.strings; name = "pt-BR"; path = "pt-BR.lproj/Main.strings"; sourceTree = "<group>"; };
		F6BFB3BD1AF6AE3B001E1A78 /* pt-BR */ = {isa = PBXFileReference; lastKnownFileType = text.plist.strings; name = "pt-BR"; path = "pt-BR.lproj/Localizable.strings"; sourceTree = "<group>"; };
/* End PBXFileReference section */

/* Begin PBXFrameworksBuildPhase section */
		F65EE8731AF6A38D00B9FCA4 /* Frameworks */ = {
			isa = PBXFrameworksBuildPhase;
			buildActionMask = 2147483647;
			files = (
				F65EE89E1AF6A72B00B9FCA4 /* LocalAuthentication.framework in Frameworks */,
			);
			runOnlyForDeploymentPostprocessing = 0;
		};
/* End PBXFrameworksBuildPhase section */

/* Begin PBXGroup section */
		F65EE86D1AF6A38D00B9FCA4 = {
			isa = PBXGroup;
			children = (
				F65EE89B1AF6A61200B9FCA4 /* NKTouchID.swift */,
				F65EE8781AF6A38D00B9FCA4 /* NKTouchIDDemo */,
				F65EE8771AF6A38D00B9FCA4 /* Products */,
			);
			sourceTree = "<group>";
		};
		F65EE8771AF6A38D00B9FCA4 /* Products */ = {
			isa = PBXGroup;
			children = (
				F65EE8761AF6A38D00B9FCA4 /* NKTouchIDDemo.app */,
			);
			name = Products;
			sourceTree = "<group>";
		};
		F65EE8781AF6A38D00B9FCA4 /* NKTouchIDDemo */ = {
			isa = PBXGroup;
			children = (
				F6BFB3B81AF6ADDB001E1A78 /* Localizable.strings */,
				F65EE87B1AF6A38D00B9FCA4 /* AppDelegate.swift */,
				F65EE87D1AF6A38D00B9FCA4 /* ViewController.swift */,
				F65EE87F1AF6A38D00B9FCA4 /* Main.storyboard */,
				F65EE8821AF6A38D00B9FCA4 /* Images.xcassets */,
				F65EE8841AF6A38D00B9FCA4 /* LaunchScreen.xib */,
				F65EE8791AF6A38D00B9FCA4 /* Supporting Files */,
				F65EE89D1AF6A72B00B9FCA4 /* LocalAuthentication.framework */,
			);
			path = NKTouchIDDemo;
			sourceTree = "<group>";
		};
		F65EE8791AF6A38D00B9FCA4 /* Supporting Files */ = {
			isa = PBXGroup;
			children = (
				F65EE87A1AF6A38D00B9FCA4 /* Info.plist */,
			);
			name = "Supporting Files";
			sourceTree = "<group>";
		};
/* End PBXGroup section */

/* Begin PBXNativeTarget section */
		F65EE8751AF6A38D00B9FCA4 /* NKTouchIDDemo */ = {
			isa = PBXNativeTarget;
			buildConfigurationList = F65EE8951AF6A38D00B9FCA4 /* Build configuration list for PBXNativeTarget "NKTouchIDDemo" */;
			buildPhases = (
				F65EE8721AF6A38D00B9FCA4 /* Sources */,
				F65EE8731AF6A38D00B9FCA4 /* Frameworks */,
				F65EE8741AF6A38D00B9FCA4 /* Resources */,
			);
			buildRules = (
			);
			dependencies = (
			);
			name = NKTouchIDDemo;
			productName = NKTouchIDDemo;
			productReference = F65EE8761AF6A38D00B9FCA4 /* NKTouchIDDemo.app */;
			productType = "com.apple.product-type.application";
		};
/* End PBXNativeTarget section */

/* Begin PBXProject section */
		F65EE86E1AF6A38D00B9FCA4 /* Project object */ = {
			isa = PBXProject;
			attributes = {
				LastUpgradeCheck = 0630;
				ORGANIZATIONNAME = "Nicos Belo Karalis";
				TargetAttributes = {
					F65EE8751AF6A38D00B9FCA4 = {
						CreatedOnToolsVersion = 6.3.1;
					};
				};
			};
			buildConfigurationList = F65EE8711AF6A38D00B9FCA4 /* Build configuration list for PBXProject "NKTouchIDDemo" */;
			compatibilityVersion = "Xcode 3.2";
			developmentRegion = English;
			hasScannedForEncodings = 0;
			knownRegions = (
				en,
				Base,
				ru,
				"pt-BR",
			);
			mainGroup = F65EE86D1AF6A38D00B9FCA4;
			productRefGroup = F65EE8771AF6A38D00B9FCA4 /* Products */;
			projectDirPath = "";
			projectRoot = "";
			targets = (
				F65EE8751AF6A38D00B9FCA4 /* NKTouchIDDemo */,
			);
		};
/* End PBXProject section */

/* Begin PBXResourcesBuildPhase section */
		F65EE8741AF6A38D00B9FCA4 /* Resources */ = {
			isa = PBXResourcesBuildPhase;
			buildActionMask = 2147483647;
			files = (
				F65EE8811AF6A38D00B9FCA4 /* Main.storyboard in Resources */,
				F6BFB3B61AF6ADDB001E1A78 /* Localizable.strings in Resources */,
				F65EE8861AF6A38D00B9FCA4 /* LaunchScreen.xib in Resources */,
				F65EE8831AF6A38D00B9FCA4 /* Images.xcassets in Resources */,
			);
			runOnlyForDeploymentPostprocessing = 0;
		};
/* End PBXResourcesBuildPhase section */

/* Begin PBXSourcesBuildPhase section */
		F65EE8721AF6A38D00B9FCA4 /* Sources */ = {
			isa = PBXSourcesBuildPhase;
			buildActionMask = 2147483647;
			files = (
				F65EE87E1AF6A38D00B9FCA4 /* ViewController.swift in Sources */,
				F65EE89C1AF6A61200B9FCA4 /* NKTouchID.swift in Sources */,
				F65EE87C1AF6A38D00B9FCA4 /* AppDelegate.swift in Sources */,
			);
			runOnlyForDeploymentPostprocessing = 0;
		};
/* End PBXSourcesBuildPhase section */

/* Begin PBXVariantGroup section */
		F65EE87F1AF6A38D00B9FCA4 /* Main.storyboard */ = {
			isa = PBXVariantGroup;
			children = (
				F65EE8801AF6A38D00B9FCA4 /* Base */,
				F6BFB3B51AF6ADCF001E1A78 /* ru */,
				F6BFB3BC1AF6AE3B001E1A78 /* pt-BR */,
			);
			name = Main.storyboard;
			sourceTree = "<group>";
		};
		F65EE8841AF6A38D00B9FCA4 /* LaunchScreen.xib */ = {
			isa = PBXVariantGroup;
			children = (
				F65EE8851AF6A38D00B9FCA4 /* Base */,
			);
			name = LaunchScreen.xib;
			sourceTree = "<group>";
		};
		F6BFB3B81AF6ADDB001E1A78 /* Localizable.strings */ = {
			isa = PBXVariantGroup;
			children = (
				F6BFB3BA1AF6ADF5001E1A78 /* Base */,
				F6BFB3BB1AF6AE06001E1A78 /* ru */,
				F6BFB3BD1AF6AE3B001E1A78 /* pt-BR */,
			);
			name = Localizable.strings;
			sourceTree = "<group>";
		};
/* End PBXVariantGroup section */

/* Begin XCBuildConfiguration section */
		F65EE8931AF6A38D00B9FCA4 /* Debug */ = {
			isa = XCBuildConfiguration;
			buildSettings = {
				ALWAYS_SEARCH_USER_PATHS = NO;
				CLANG_CXX_LANGUAGE_STANDARD = "gnu++0x";
				CLANG_CXX_LIBRARY = "libc++";
				CLANG_ENABLE_MODULES = YES;
				CLANG_ENABLE_OBJC_ARC = YES;
				CLANG_WARN_BOOL_CONVERSION = YES;
				CLANG_WARN_CONSTANT_CONVERSION = YES;
				CLANG_WARN_DIRECT_OBJC_ISA_USAGE = YES_ERROR;
				CLANG_WARN_EMPTY_BODY = YES;
				CLANG_WARN_ENUM_CONVERSION = YES;
				CLANG_WARN_INT_CONVERSION = YES;
				CLANG_WARN_OBJC_ROOT_CLASS = YES_ERROR;
				CLANG_WARN_UNREACHABLE_CODE = YES;
				CLANG_WARN__DUPLICATE_METHOD_MATCH = YES;
				"CODE_SIGN_IDENTITY[sdk=iphoneos*]" = "iPhone Developer";
				COPY_PHASE_STRIP = NO;
				DEBUG_INFORMATION_FORMAT = "dwarf-with-dsym";
				ENABLE_STRICT_OBJC_MSGSEND = YES;
				GCC_C_LANGUAGE_STANDARD = gnu99;
				GCC_DYNAMIC_NO_PIC = NO;
				GCC_NO_COMMON_BLOCKS = YES;
				GCC_OPTIMIZATION_LEVEL = 0;
				GCC_PREPROCESSOR_DEFINITIONS = (
					"DEBUG=1",
					"$(inherited)",
				);
				GCC_SYMBOLS_PRIVATE_EXTERN = NO;
				GCC_WARN_64_TO_32_BIT_CONVERSION = YES;
				GCC_WARN_ABOUT_RETURN_TYPE = YES_ERROR;
				GCC_WARN_UNDECLARED_SELECTOR = YES;
				GCC_WARN_UNINITIALIZED_AUTOS = YES_AGGRESSIVE;
				GCC_WARN_UNUSED_FUNCTION = YES;
				GCC_WARN_UNUSED_VARIABLE = YES;
				IPHONEOS_DEPLOYMENT_TARGET = 8.3;
				MTL_ENABLE_DEBUG_INFO = YES;
				ONLY_ACTIVE_ARCH = YES;
				SDKROOT = iphoneos;
				SWIFT_OPTIMIZATION_LEVEL = "-Onone";
				TARGETED_DEVICE_FAMILY = "1,2";
			};
			name = Debug;
		};
		F65EE8941AF6A38D00B9FCA4 /* Release */ = {
			isa = XCBuildConfiguration;
			buildSettings = {
				ALWAYS_SEARCH_USER_PATHS = NO;
				CLANG_CXX_LANGUAGE_STANDARD = "gnu++0x";
				CLANG_CXX_LIBRARY = "libc++";
				CLANG_ENABLE_MODULES = YES;
				CLANG_ENABLE_OBJC_ARC = YES;
				CLANG_WARN_BOOL_CONVERSION = YES;
				CLANG_WARN_CONSTANT_CONVERSION = YES;
				CLANG_WARN_DIRECT_OBJC_ISA_USAGE = YES_ERROR;
				CLANG_WARN_EMPTY_BODY = YES;
				CLANG_WARN_ENUM_CONVERSION = YES;
				CLANG_WARN_INT_CONVERSION = YES;
				CLANG_WARN_OBJC_ROOT_CLASS = YES_ERROR;
				CLANG_WARN_UNREACHABLE_CODE = YES;
				CLANG_WARN__DUPLICATE_METHOD_MATCH = YES;
				"CODE_SIGN_IDENTITY[sdk=iphoneos*]" = "iPhone Developer";
				COPY_PHASE_STRIP = NO;
				DEBUG_INFORMATION_FORMAT = "dwarf-with-dsym";
				ENABLE_NS_ASSERTIONS = NO;
				ENABLE_STRICT_OBJC_MSGSEND = YES;
				GCC_C_LANGUAGE_STANDARD = gnu99;
				GCC_NO_COMMON_BLOCKS = YES;
				GCC_WARN_64_TO_32_BIT_CONVERSION = YES;
				GCC_WARN_ABOUT_RETURN_TYPE = YES_ERROR;
				GCC_WARN_UNDECLARED_SELECTOR = YES;
				GCC_WARN_UNINITIALIZED_AUTOS = YES_AGGRESSIVE;
				GCC_WARN_UNUSED_FUNCTION = YES;
				GCC_WARN_UNUSED_VARIABLE = YES;
				IPHONEOS_DEPLOYMENT_TARGET = 8.3;
				MTL_ENABLE_DEBUG_INFO = NO;
				SDKROOT = iphoneos;
				TARGETED_DEVICE_FAMILY = "1,2";
				VALIDATE_PRODUCT = YES;
			};
			name = Release;
		};
		F65EE8961AF6A38D00B9FCA4 /* Debug */ = {
			isa = XCBuildConfiguration;
			buildSettings = {
				ASSETCATALOG_COMPILER_APPICON_NAME = AppIcon;
				INFOPLIST_FILE = NKTouchIDDemo/Info.plist;
				LD_RUNPATH_SEARCH_PATHS = "$(inherited) @executable_path/Frameworks";
				PRODUCT_NAME = "$(TARGET_NAME)";
			};
			name = Debug;
		};
		F65EE8971AF6A38D00B9FCA4 /* Release */ = {
			isa = XCBuildConfiguration;
			buildSettings = {
				ASSETCATALOG_COMPILER_APPICON_NAME = AppIcon;
				INFOPLIST_FILE = NKTouchIDDemo/Info.plist;
				LD_RUNPATH_SEARCH_PATHS = "$(inherited) @executable_path/Frameworks";
				PRODUCT_NAME = "$(TARGET_NAME)";
			};
			name = Release;
		};
/* End XCBuildConfiguration section */

/* Begin XCConfigurationList section */
		F65EE8711AF6A38D00B9FCA4 /* Build configuration list for PBXProject "NKTouchIDDemo" */ = {
			isa = XCConfigurationList;
			buildConfigurations = (
				F65EE8931AF6A38D00B9FCA4 /* Debug */,
				F65EE8941AF6A38D00B9FCA4 /* Release */,
			);
			defaultConfigurationIsVisible = 0;
			defaultConfigurationName = Release;
		};
		F65EE8951AF6A38D00B9FCA4 /* Build configuration list for PBXNativeTarget "NKTouchIDDemo" */ = {
			isa = XCConfigurationList;
			buildConfigurations = (
				F65EE8961AF6A38D00B9FCA4 /* Debug */,
				F65EE8971AF6A38D00B9FCA4 /* Release */,
			);
			defaultConfigurationIsVisible = 0;
			defaultConfigurationName = Release;
		};
/* End XCConfigurationList section */
	};
	rootObject = F65EE86E1AF6A38D00B9FCA4 /* Project object */;
}
